// !$*UTF8*$!
{
	archiveVersion = 1;
	classes = {
	};
	objectVersion = 46;
	objects = {

/* Begin PBXBuildFile section */
		047ED0F21CC8B0D800633258 /* AppDelegate.swift in Sources */ = {isa = PBXBuildFile; fileRef = 047ED0F11CC8B0D800633258 /* AppDelegate.swift */; };
		047ED0F41CC8B0D800633258 /* ViewController.swift in Sources */ = {isa = PBXBuildFile; fileRef = 047ED0F31CC8B0D800633258 /* ViewController.swift */; };
		047ED0F71CC8B0D800633258 /* Main.storyboard in Resources */ = {isa = PBXBuildFile; fileRef = 047ED0F51CC8B0D800633258 /* Main.storyboard */; };
		047ED0F91CC8B0D800633258 /* Assets.xcassets in Resources */ = {isa = PBXBuildFile; fileRef = 047ED0F81CC8B0D800633258 /* Assets.xcassets */; };
		047ED0FC1CC8B0D800633258 /* LaunchScreen.storyboard in Resources */ = {isa = PBXBuildFile; fileRef = 047ED0FA1CC8B0D800633258 /* LaunchScreen.storyboard */; };
/* End PBXBuildFile section */

/* Begin PBXFileReference section */
		047ED0EE1CC8B0D800633258 /* TicTacToe.app */ = {isa = PBXFileReference; explicitFileType = wrapper.application; includeInIndex = 0; path = TicTacToe.app; sourceTree = BUILT_PRODUCTS_DIR; };
		047ED0F11CC8B0D800633258 /* AppDelegate.swift */ = {isa = PBXFileReference; lastKnownFileType = sourcecode.swift; path = AppDelegate.swift; sourceTree = "<group>"; };
		047ED0F31CC8B0D800633258 /* ViewController.swift */ = {isa = PBXFileReference; lastKnownFileType = sourcecode.swift; path = ViewController.swift; sourceTree = "<group>"; };
		047ED0F61CC8B0D800633258 /* Base */ = {isa = PBXFileReference; lastKnownFileType = file.storyboard; name = Base; path = Base.lproj/Main.storyboard; sourceTree = "<group>"; };
		047ED0F81CC8B0D800633258 /* Assets.xcassets */ = {isa = PBXFileReference; lastKnownFileType = folder.assetcatalog; path = Assets.xcassets; sourceTree = "<group>"; };
		047ED0FB1CC8B0D800633258 /* Base */ = {isa = PBXFileReference; lastKnownFileType = file.storyboard; name = Base; path = Base.lproj/LaunchScreen.storyboard; sourceTree = "<group>"; };
		047ED0FD1CC8B0D800633258 /* Info.plist */ = {isa = PBXFileReference; lastKnownFileType = text.plist.xml; path = Info.plist; sourceTree = "<group>"; };
/* End PBXFileReference section */

/* Begin PBXFrameworksBuildPhase section */
		047ED0EB1CC8B0D800633258 /* Frameworks */ = {
			isa = PBXFrameworksBuildPhase;
			buildActionMask = 2147483647;
			files = (
			);
			runOnlyForDeploymentPostprocessing = 0;
		};
/* End PBXFrameworksBuildPhase section */

/* Begin PBXGroup section */
		047ED0E51CC8B0D800633258 = {
			isa = PBXGroup;
			children = (
				047ED0F01CC8B0D800633258 /* TicTacToe */,
				047ED0EF1CC8B0D800633258 /* Products */,
			);
			sourceTree = "<group>";
		};
		047ED0EF1CC8B0D800633258 /* Products */ = {
			isa = PBXGroup;
			children = (
				047ED0EE1CC8B0D800633258 /* TicTacToe.app */,
			);
			name = Products;
			sourceTree = "<group>";
		};
		047ED0F01CC8B0D800633258 /* TicTacToe */ = {
			isa = PBXGroup;
			children = (
				047ED0F11CC8B0D800633258 /* AppDelegate.swift */,
				047ED0F31CC8B0D800633258 /* ViewController.swift */,
				047ED0F51CC8B0D800633258 /* Main.storyboard */,
				047ED0F81CC8B0D800633258 /* Assets.xcassets */,
				047ED0FA1CC8B0D800633258 /* LaunchScreen.storyboard */,
				047ED0FD1CC8B0D800633258 /* Info.plist */,
			);
			path = TicTacToe;
			sourceTree = "<group>";
		};
/* End PBXGroup section */

/* Begin PBXNativeTarget section */
		047ED0ED1CC8B0D800633258 /* TicTacToe */ = {
			isa = PBXNativeTarget;
			buildConfigurationList = 047ED1001CC8B0D800633258 /* Build configuration list for PBXNativeTarget "TicTacToe" */;
			buildPhases = (
				047ED0EA1CC8B0D800633258 /* Sources */,
				047ED0EB1CC8B0D800633258 /* Frameworks */,
				047ED0EC1CC8B0D800633258 /* Resources */,
			);
			buildRules = (
			);
			dependencies = (
			);
			name = TicTacToe;
			productName = TicTacToe;
			productReference = 047ED0EE1CC8B0D800633258 /* TicTacToe.app */;
			productType = "com.apple.product-type.application";
		};
/* End PBXNativeTarget section */

/* Begin PBXProject section */
		047ED0E61CC8B0D800633258 /* Project object */ = {
			isa = PBXProject;
			attributes = {
				LastSwiftUpdateCheck = 0730;
				LastUpgradeCheck = 0730;
				ORGANIZATIONNAME = Suppt;
				TargetAttributes = {
					047ED0ED1CC8B0D800633258 = {
						CreatedOnToolsVersion = 7.3;
						DevelopmentTeam = M4B22LSM5N;
					};
				};
			};
			buildConfigurationList = 047ED0E91CC8B0D800633258 /* Build configuration list for PBXProject "TicTacToe" */;
			compatibilityVersion = "Xcode 3.2";
			developmentRegion = English;
			hasScannedForEncodings = 0;
			knownRegions = (
				en,
				Base,
			);
			mainGroup = 047ED0E51CC8B0D800633258;
			productRefGroup = 047ED0EF1CC8B0D800633258 /* Products */;
			projectDirPath = "";
			projectRoot = "";
			targets = (
				047ED0ED1CC8B0D800633258 /* TicTacToe */,
			);
		};
/* End PBXProject section */

/* Begin PBXResourcesBuildPhase section */
		047ED0EC1CC8B0D800633258 /* Resources */ = {
			isa = PBXResourcesBuildPhase;
			buildActionMask = 2147483647;
			files = (
				047ED0FC1CC8B0D800633258 /* LaunchScreen.storyboard in Resources */,
				047ED0F91CC8B0D800633258 /* Assets.xcassets in Resources */,
				047ED0F71CC8B0D800633258 /* Main.storyboard in Resources */,
			);
			runOnlyForDeploymentPostprocessing = 0;
		};
/* End PBXResourcesBuildPhase section */

/* Begin PBXSourcesBuildPhase section */
		047ED0EA1CC8B0D800633258 /* Sources */ = {
			isa = PBXSourcesBuildPhase;
			buildActionMask = 2147483647;
			files = (
				047ED0F41CC8B0D800633258 /* ViewController.swift in Sources */,
				047ED0F21CC8B0D800633258 /* AppDelegate.swift in Sources */,
			);
			runOnlyForDeploymentPostprocessing = 0;
		};
/* End PBXSourcesBuildPhase section */

/* Begin PBXVariantGroup section */
		047ED0F51CC8B0D800633258 /* Main.storyboard */ = {
			isa = PBXVariantGroup;
			children = (
				047ED0F61CC8B0D800633258 /* Base */,
			);
			name = Main.storyboard;
			sourceTree = "<group>";
		};
		047ED0FA1CC8B0D800633258 /* LaunchScreen.storyboard */ = {
			isa = PBXVariantGroup;
			children = (
				047ED0FB1CC8B0D800633258 /* Base */,
			);
			name = LaunchScreen.storyboard;
			sourceTree = "<group>";
		};
/* End PBXVariantGroup section */

/* Begin XCBuildConfiguration section */
		047ED0FE1CC8B0D800633258 /* Debug */ = {
			isa = XCBuildConfiguration;
			buildSettings = {
				ALWAYS_SEARCH_USER_PATHS = NO;
				CLANG_ANALYZER_NONNULL = YES;
				CLANG_CXX_LANGUAGE_STANDARD = "gnu++0x";
				CLANG_CXX_LIBRARY = "libc++";
				CLANG_ENABLE_MODULES = YES;
				CLANG_ENABLE_OBJC_ARC = YES;
				CLANG_WARN_BOOL_CONVERSION = YES;
				CLANG_WARN_CONSTANT_CONVERSION = YES;
				CLANG_WARN_DIRECT_OBJC_ISA_USAGE = YES_ERROR;
				CLANG_WARN_EMPTY_BODY = YES;
				CLANG_WARN_ENUM_CONVERSION = YES;
				CLANG_WARN_INT_CONVERSION = YES;
				CLANG_WARN_OBJC_ROOT_CLASS = YES_ERROR;
				CLANG_WARN_UNREACHABLE_CODE = YES;
				CLANG_WARN__DUPLICATE_METHOD_MATCH = YES;
				"CODE_SIGN_IDENTITY[sdk=iphoneos*]" = "iPhone Developer";
				COPY_PHASE_STRIP = NO;
				DEBUG_INFORMATION_FORMAT = dwarf;
				ENABLE_STRICT_OBJC_MSGSEND = YES;
				ENABLE_TESTABILITY = YES;
				GCC_C_LANGUAGE_STANDARD = gnu99;
				GCC_DYNAMIC_NO_PIC = NO;
				GCC_NO_COMMON_BLOCKS = YES;
				GCC_OPTIMIZATION_LEVEL = 0;
				GCC_PREPROCESSOR_DEFINITIONS = (
					"DEBUG=1",
					"$(inherited)",
				);
				GCC_WARN_64_TO_32_BIT_CONVERSION = YES;
				GCC_WARN_ABOUT_RETURN_TYPE = YES_ERROR;
				GCC_WARN_UNDECLARED_SELECTOR = YES;
				GCC_WARN_UNINITIALIZED_AUTOS = YES_AGGRESSIVE;
				GCC_WARN_UNUSED_FUNCTION = YES;
				GCC_WARN_UNUSED_VARIABLE = YES;
				IPHONEOS_DEPLOYMENT_TARGET = 9.3;
				MTL_ENABLE_DEBUG_INFO = YES;
				ONLY_ACTIVE_ARCH = YES;
				SDKROOT = iphoneos;
				SWIFT_OPTIMIZATION_LEVEL = "-Onone";
				TARGETED_DEVICE_FAMILY = "1,2";
			};
			name = Debug;
		};
		047ED0FF1CC8B0D800633258 /* Release */ = {
			isa = XCBuildConfiguration;
			buildSettings = {
				ALWAYS_SEARCH_USER_PATHS = NO;
				CLANG_ANALYZER_NONNULL = YES;
				CLANG_CXX_LANGUAGE_STANDARD = "gnu++0x";
				CLANG_CXX_LIBRARY = "libc++";
				CLANG_ENABLE_MODULES = YES;
				CLANG_ENABLE_OBJC_ARC = YES;
				CLANG_WARN_BOOL_CONVERSION = YES;
				CLANG_WARN_CONSTANT_CONVERSION = YES;
				CLANG_WARN_DIRECT_OBJC_ISA_USAGE = YES_ERROR;
				CLANG_WARN_EMPTY_BODY = YES;
				CLANG_WARN_ENUM_CONVERSION = YES;
				CLANG_WARN_INT_CONVERSION = YES;
				CLANG_WARN_OBJC_ROOT_CLASS = YES_ERROR;
				CLANG_WARN_UNREACHABLE_CODE = YES;
				CLANG_WARN__DUPLICATE_METHOD_MATCH = YES;
				"CODE_SIGN_IDENTITY[sdk=iphoneos*]" = "iPhone Developer";
				COPY_PHASE_STRIP = NO;
				DEBUG_INFORMATION_FORMAT = "dwarf-with-dsym";
				ENABLE_NS_ASSERTIONS = NO;
				ENABLE_STRICT_OBJC_MSGSEND = YES;
				GCC_C_LANGUAGE_STANDARD = gnu99;
				GCC_NO_COMMON_BLOCKS = YES;
				GCC_WARN_64_TO_32_BIT_CONVERSION = YES;
				GCC_WARN_ABOUT_RETURN_TYPE = YES_ERROR;
				GCC_WARN_UNDECLARED_SELECTOR = YES;
				GCC_WARN_UNINITIALIZED_AUTOS = YES_AGGRESSIVE;
				GCC_WARN_UNUSED_FUNCTION = YES;
				GCC_WARN_UNUSED_VARIABLE = YES;
				IPHONEOS_DEPLOYMENT_TARGET = 9.3;
				MTL_ENABLE_DEBUG_INFO = NO;
				SDKROOT = iphoneos;
				TARGETED_DEVICE_FAMILY = "1,2";
				VALIDATE_PRODUCT = YES;
			};
			name = Release;
		};
		047ED1011CC8B0D800633258 /* Debug */ = {
			isa = XCBuildConfiguration;
			buildSettings = {
				ASSETCATALOG_COMPILER_APPICON_NAME = AppIcon;
				INFOPLIST_FILE = TicTacToe/Info.plist;
				LD_RUNPATH_SEARCH_PATHS = "$(inherited) @executable_path/Frameworks";
				PRODUCT_BUNDLE_IDENTIFIER = com.suppt.TicTacToe;
				PRODUCT_NAME = "$(TARGET_NAME)";
			};
			name = Debug;
		};
		047ED1021CC8B0D800633258 /* Release */ = {
			isa = XCBuildConfiguration;
			buildSettings = {
				ASSETCATALOG_COMPILER_APPICON_NAME = AppIcon;
				INFOPLIST_FILE = TicTacToe/Info.plist;
				LD_RUNPATH_SEARCH_PATHS = "$(inherited) @executable_path/Frameworks";
				PRODUCT_BUNDLE_IDENTIFIER = com.suppt.TicTacToe;
				PRODUCT_NAME = "$(TARGET_NAME)";
			};
			name = Release;
		};
/* End XCBuildConfiguration section */

/* Begin XCConfigurationList section */
		047ED0E91CC8B0D800633258 /* Build configuration list for PBXProject "TicTacToe" */ = {
			isa = XCConfigurationList;
			buildConfigurations = (
				047ED0FE1CC8B0D800633258 /* Debug */,
				047ED0FF1CC8B0D800633258 /* Release */,
			);
			defaultConfigurationIsVisible = 0;
			defaultConfigurationName = Release;
		};
		047ED1001CC8B0D800633258 /* Build configuration list for PBXNativeTarget "TicTacToe" */ = {
			isa = XCConfigurationList;
			buildConfigurations = (
				047ED1011CC8B0D800633258 /* Debug */,
				047ED1021CC8B0D800633258 /* Release */,
			);
			defaultConfigurationIsVisible = 0;
		};
/* End XCConfigurationList section */
	};
	rootObject = 047ED0E61CC8B0D800633258 /* Project object */;
}
